# This file is automatically @generated by Cargo.
# It is not intended for manual editing.
version = 3

[[package]]
name = "gcc"
version = "0.3.55"
source = "registry+https://github.com/rust-lang/crates.io-index"
checksum = "8f5f3913fa0bfe7ee1fd8248b6b9f42a5af4b9d65ec2dd2c3c26132b950ecfc2"

[[package]]
name = "libc"
version = "0.1.12"
source = "registry+https://github.com/rust-lang/crates.io-index"
checksum = "e32a70cf75e5846d53a673923498228bbec6a8624708a9ea5645f075d6276122"

[[package]]
name = "pkg-config"
version = "0.3.26"
source = "registry+https://github.com/rust-lang/crates.io-index"
checksum = "6ac9a59f73473f1b8d852421e59e64809f025994837ef743615c6d0c5b305160"

[[package]]
name = "simplemad"
version = "0.9.0"
source = "registry+https://github.com/rust-lang/crates.io-index"
checksum = "43666866971bfbcc14e993d587281df51ff45b6112aa3e5dd5ba43cfca6b5864"
dependencies = [
 "simplemad_sys",
]

[[package]]
name = "simplemad-test"
version = "0.1.0"
dependencies = [
 "simplemad",
]

[[package]]
name = "simplemad_sys"
version = "0.5.0"
dependencies = [
 "gcc",
 "libc",
 "pkg-config",
]
